
Microsoft Visual Studio Solution File, Format Version 12.00
# Visual Studio Version 17
VisualStudioVersion = 17.0.31903.59
MinimumVisualStudioVersion = 10.0.40219.1
Project("{2150E333-8FDC-42A3-9474-1A3956D46DE8}") = "GCP-App-Shared", "GCP-App-Shared", "{0156E515-5CD3-432B-8C57-85A5C1DAA574}"
EndProject
Project("{FAE04EC0-301F-11D3-BF4B-00C04F79EFBC}") = "GCP.App.Shared", "GCP-App-Shared\src\GCP.App.Shared.csproj", "{C1B22533-E45C-4E55-884F-8D070C444F35}"
EndProject
Project("{2150E333-8FDC-42A3-9474-1A3956D46DE8}") = "GCP-Auth", "GCP-Auth", "{0DCD308D-178F-4D7E-9361-3D8E364E30CD}"
EndProject
Project("{FAE04EC0-301F-11D3-BF4B-00C04F79EFBC}") = "Gcp.Auth", "GCP-Auth\src\Gcp.Auth.csproj", "{DAAAD433-4E4E-4D96-9E73-71E2CE72E060}"
EndProject
Project("{2150E333-8FDC-42A3-9474-1A3956D46DE8}") = "GCP-Core-Shared", "GCP-Core-Shared", "{18F9F2A8-FDAC-4EDD-B56B-3EDF497A7BA5}"
EndProject
Project("{FAE04EC0-301F-11D3-BF4B-00C04F79EFBC}") = "GCP.Core.Shared", "GCP-Core-Shared\src\GCP.Core.Shared.csproj", "{78E104AA-61D1-4D6B-9DBF-C202267DC27D}"
EndProject
Project("{2150E333-8FDC-42A3-9474-1A3956D46DE8}") = "GCP-ExtensionDomain", "GCP-ExtensionDomain", "{FDF548B8-FB45-4BF5-8BA7-019C1C511056}"
EndProject
Project("{FAE04EC0-301F-11D3-BF4B-00C04F79EFBC}") = "Gcp.ExtensionDomain", "GCP-ExtensionDomain\src\Gcp.ExtensionDomain.csproj", "{5934E82B-C5C9-4AFF-812B-E96185595C0F}"
EndProject
Project("{2150E333-8FDC-42A3-9474-1A3956D46DE8}") = "GCP-Mailflow", "GCP-Mailflow", "{77D76A94-24E3-4AA6-8CBE-D8B1534D5903}"
EndProject
Project("{FAE04EC0-301F-11D3-BF4B-00C04F79EFBC}") = "mailflow", "GCP-Mailflow\src\cli\mailflow.csproj", "{7E5FCA70-1061-4143-9706-572856923A7B}"
EndProject
Project("{FAE04EC0-301F-11D3-BF4B-00C04F79EFBC}") = "Gcp.Mailflow", "GCP-Mailflow\src\lib\Gcp.Mailflow.csproj", "{DC463804-D288-4189-95C5-75356C7097B0}"
EndProject
Project("{2150E333-8FDC-42A3-9474-1A3956D46DE8}") = "GCP-PubSubPrimer", "GCP-PubSubPrimer", "{4F50E43C-961D-4F86-AAFB-2EBC198742DF}"
EndProject
Project("{FAE04EC0-301F-11D3-BF4B-00C04F79EFBC}") = "pub-sub-prime", "GCP-PubSubPrimer\src\cli\pub-sub-prime.csproj", "{C2AEB0E3-EA91-4179-908E-65BBB201823C}"
EndProject
Project("{FAE04EC0-301F-11D3-BF4B-00C04F79EFBC}") = "Gcp.PubSub", "GCP-PubSubPrimer\src\lib\Gcp.PubSub.csproj", "{8963B893-A35D-4653-B64E-43DC1B0FD5FB}"
EndProject
Global
	GlobalSection(SolutionConfigurationPlatforms) = preSolution
		Debug|Any CPU = Debug|Any CPU
		Release|Any CPU = Release|Any CPU
	EndGlobalSection
	GlobalSection(ProjectConfigurationPlatforms) = postSolution
		{C1B22533-E45C-4E55-884F-8D070C444F35}.Debug|Any CPU.ActiveCfg = Debug|Any CPU
		{C1B22533-E45C-4E55-884F-8D070C444F35}.Debug|Any CPU.Build.0 = Debug|Any CPU
		{C1B22533-E45C-4E55-884F-8D070C444F35}.Release|Any CPU.ActiveCfg = Release|Any CPU
		{C1B22533-E45C-4E55-884F-8D070C444F35}.Release|Any CPU.Build.0 = Release|Any CPU
		{DAAAD433-4E4E-4D96-9E73-71E2CE72E060}.Debug|Any CPU.ActiveCfg = Debug|Any CPU
		{DAAAD433-4E4E-4D96-9E73-71E2CE72E060}.Debug|Any CPU.Build.0 = Debug|Any CPU
		{DAAAD433-4E4E-4D96-9E73-71E2CE72E060}.Release|Any CPU.ActiveCfg = Release|Any CPU
		{DAAAD433-4E4E-4D96-9E73-71E2CE72E060}.Release|Any CPU.Build.0 = Release|Any CPU
		{78E104AA-61D1-4D6B-9DBF-C202267DC27D}.Debug|Any CPU.ActiveCfg = Debug|Any CPU
		{78E104AA-61D1-4D6B-9DBF-C202267DC27D}.Debug|Any CPU.Build.0 = Debug|Any CPU
		{78E104AA-61D1-4D6B-9DBF-C202267DC27D}.Release|Any CPU.ActiveCfg = Release|Any CPU
		{78E104AA-61D1-4D6B-9DBF-C202267DC27D}.Release|Any CPU.Build.0 = Release|Any CPU
		{5934E82B-C5C9-4AFF-812B-E96185595C0F}.Debug|Any CPU.ActiveCfg = Debug|Any CPU
		{5934E82B-C5C9-4AFF-812B-E96185595C0F}.Debug|Any CPU.Build.0 = Debug|Any CPU
		{5934E82B-C5C9-4AFF-812B-E96185595C0F}.Release|Any CPU.ActiveCfg = Release|Any CPU
		{5934E82B-C5C9-4AFF-812B-E96185595C0F}.Release|Any CPU.Build.0 = Release|Any CPU
		{7E5FCA70-1061-4143-9706-572856923A7B}.Debug|Any CPU.ActiveCfg = Debug|Any CPU
		{7E5FCA70-1061-4143-9706-572856923A7B}.Debug|Any CPU.Build.0 = Debug|Any CPU
		{7E5FCA70-1061-4143-9706-572856923A7B}.Release|Any CPU.ActiveCfg = Release|Any CPU
		{7E5FCA70-1061-4143-9706-572856923A7B}.Release|Any CPU.Build.0 = Release|Any CPU
		{DC463804-D288-4189-95C5-75356C7097B0}.Debug|Any CPU.ActiveCfg = Debug|Any CPU
		{DC463804-D288-4189-95C5-75356C7097B0}.Debug|Any CPU.Build.0 = Debug|Any CPU
		{DC463804-D288-4189-95C5-75356C7097B0}.Release|Any CPU.ActiveCfg = Release|Any CPU
		{DC463804-D288-4189-95C5-75356C7097B0}.Release|Any CPU.Build.0 = Release|Any CPU
		{C2AEB0E3-EA91-4179-908E-65BBB201823C}.Debug|Any CPU.ActiveCfg = Debug|Any CPU
		{C2AEB0E3-EA91-4179-908E-65BBB201823C}.Debug|Any CPU.Build.0 = Debug|Any CPU
		{C2AEB0E3-EA91-4179-908E-65BBB201823C}.Release|Any CPU.ActiveCfg = Release|Any CPU
		{C2AEB0E3-EA91-4179-908E-65BBB201823C}.Release|Any CPU.Build.0 = Release|Any CPU
		{8963B893-A35D-4653-B64E-43DC1B0FD5FB}.Debug|Any CPU.ActiveCfg = Debug|Any CPU
		{8963B893-A35D-4653-B64E-43DC1B0FD5FB}.Debug|Any CPU.Build.0 = Debug|Any CPU
		{8963B893-A35D-4653-B64E-43DC1B0FD5FB}.Release|Any CPU.ActiveCfg = Release|Any CPU
		{8963B893-A35D-4653-B64E-43DC1B0FD5FB}.Release|Any CPU.Build.0 = Release|Any CPU
	EndGlobalSection
	GlobalSection(SolutionProperties) = preSolution
		HideSolutionNode = FALSE
	EndGlobalSection
	GlobalSection(NestedProjects) = preSolution
		{C1B22533-E45C-4E55-884F-8D070C444F35} = {0156E515-5CD3-432B-8C57-85A5C1DAA574}
		{DAAAD433-4E4E-4D96-9E73-71E2CE72E060} = {0DCD308D-178F-4D7E-9361-3D8E364E30CD}
		{78E104AA-61D1-4D6B-9DBF-C202267DC27D} = {18F9F2A8-FDAC-4EDD-B56B-3EDF497A7BA5}
		{5934E82B-C5C9-4AFF-812B-E96185595C0F} = {FDF548B8-FB45-4BF5-8BA7-019C1C511056}
		{7E5FCA70-1061-4143-9706-572856923A7B} = {77D76A94-24E3-4AA6-8CBE-D8B1534D5903}
		{DC463804-D288-4189-95C5-75356C7097B0} = {77D76A94-24E3-4AA6-8CBE-D8B1534D5903}
		{C2AEB0E3-EA91-4179-908E-65BBB201823C} = {4F50E43C-961D-4F86-AAFB-2EBC198742DF}
		{8963B893-A35D-4653-B64E-43DC1B0FD5FB} = {4F50E43C-961D-4F86-AAFB-2EBC198742DF}
	EndGlobalSection
EndGlobal
